
Microsoft Visual Studio Solution File, Format Version 12.00
# Visual Studio Version 17
VisualStudioVersion = 17.0.31903.59
MinimumVisualStudioVersion = 10.0.40219.1
Project("{2150E333-8FDC-42A3-9474-1A3956D46DE8}") = "src", "src", "{FC6C9D32-EC14-4E35-A34D-13320F6ABFCC}"
EndProject
Project("{FAE04EC0-301F-11D3-BF4B-00C04F79EFBC}") = "Ecommerce.Api", "src\Api\Ecommerce.Api.csproj", "{0444D3B7-66D5-4DD6-A05E-B822F0B0D0BC}"
EndProject
Project("{FAE04EC0-301F-11D3-BF4B-00C04F79EFBC}") = "Ecommerce.Shared", "src\Shared\Ecommerce.Shared.csproj", "{72671F6F-7724-49B6-9599-8C904D6B317F}"
EndProject
Project("{FAE04EC0-301F-11D3-BF4B-00C04F79EFBC}") = "Ecommerce.Infrastructure", "src\Infrastructure\Ecommerce.Infrastructure.csproj", "{E8B07E62-9ED8-48D7-8E30-8354775A4496}"
EndProject
Project("{2150E333-8FDC-42A3-9474-1A3956D46DE8}") = "Modules", "Modules", "{316923B6-5F38-4081-96DF-BC052FB2D05F}"
EndProject
Project("{FAE04EC0-301F-11D3-BF4B-00C04F79EFBC}") = "Ecommerce.Catalog", "src\Modules\Catalog\Ecommerce.Catalog.csproj", "{523F01D5-C3ED-4219-AF97-34806D128AB8}"
EndProject
Project("{FAE04EC0-301F-11D3-BF4B-00C04F79EFBC}") = "Ecommerce.Loyalty", "src\Modules\Loyalty\Ecommerce.Loyalty.csproj", "{ADE403F1-6A88-41BF-A867-AA2F8F7F52EF}"
EndProject
Project("{FAE04EC0-301F-11D3-BF4B-00C04F79EFBC}") = "Ecommerce.Notifications", "src\Modules\Notifications\Ecommerce.Notifications.csproj", "{59F9B410-3B2E-409A-ABE7-11C360CFB6E3}"
EndProject
Project("{FAE04EC0-301F-11D3-BF4B-00C04F79EFBC}") = "Ecommerce.Orders", "src\Modules\Orders\Ecommerce.Orders.csproj", "{A298A565-C35A-4F16-B750-1F47C3ECE87F}"
EndProject
Project("{FAE04EC0-301F-11D3-BF4B-00C04F79EFBC}") = "Ecommerce.Promotions", "src\Modules\Promotions\Ecommerce.Promotions.csproj", "{7CCC7EA8-0F38-4341-A36C-099C2EC2AB87}"
EndProject
Project("{2150E333-8FDC-42A3-9474-1A3956D46DE8}") = "tests", "tests", "{61D0B4EB-C312-4273-B921-FBA4A0CFD5B1}"
EndProject
Project("{FAE04EC0-301F-11D3-BF4B-00C04F79EFBC}") = "Ecommerce.Api.IntegrationTests", "tests\Ecommerce.Api.IntegrationTests\Ecommerce.Api.IntegrationTests.csproj", "{D1E8DD9E-A065-4460-87F7-08A99CABA3A8}"
EndProject
Project("{FAE04EC0-301F-11D3-BF4B-00C04F79EFBC}") = "Ecommerce.Loyalty.Tests", "tests\Ecommerce.Loyalty.Tests\Ecommerce.Loyalty.Tests.csproj", "{190D014F-D08C-48A9-B963-110603A5A1D8}"
EndProject
Project("{FAE04EC0-301F-11D3-BF4B-00C04F79EFBC}") = "Ecommerce.Orders.Tests", "tests\Ecommerce.Orders.Tests\Ecommerce.Orders.Tests.csproj", "{0F8F37F1-AE13-49EC-9E92-751F71E8105F}"
EndProject
Project("{FAE04EC0-301F-11D3-BF4B-00C04F79EFBC}") = "Ecommerce.Identity", "src\Modules\Identity\Ecommerce.Identity.csproj", "{CDE8A01D-F80A-4F5D-8CA6-52C53B98A674}"
EndProject
Project("{FAE04EC0-301F-11D3-BF4B-00C04F79EFBC}") = "Ecommerce.Cart", "src\Modules\Cart\Ecommerce.Cart.csproj", "{DA404B05-E3DE-44FA-A933-A38D70571F64}"
EndProject
Project("{FAE04EC0-301F-11D3-BF4B-00C04F79EFBC}") = "Ecommerce.Cart.Tests", "tests\Ecommerce.Cart.Tests\Ecommerce.Cart.Tests.csproj", "{DE69CB90-2180-4E14-AE9F-71786A0DBB92}"
EndProject
Global
	GlobalSection(SolutionConfigurationPlatforms) = preSolution
		Debug|Any CPU = Debug|Any CPU
		Release|Any CPU = Release|Any CPU
	EndGlobalSection
	GlobalSection(SolutionProperties) = preSolution
		HideSolutionNode = FALSE
	EndGlobalSection
	GlobalSection(ProjectConfigurationPlatforms) = postSolution
		{0444D3B7-66D5-4DD6-A05E-B822F0B0D0BC}.Debug|Any CPU.ActiveCfg = Debug|Any CPU
		{0444D3B7-66D5-4DD6-A05E-B822F0B0D0BC}.Debug|Any CPU.Build.0 = Debug|Any CPU
		{0444D3B7-66D5-4DD6-A05E-B822F0B0D0BC}.Release|Any CPU.ActiveCfg = Release|Any CPU
		{0444D3B7-66D5-4DD6-A05E-B822F0B0D0BC}.Release|Any CPU.Build.0 = Release|Any CPU
		{72671F6F-7724-49B6-9599-8C904D6B317F}.Debug|Any CPU.ActiveCfg = Debug|Any CPU
		{72671F6F-7724-49B6-9599-8C904D6B317F}.Debug|Any CPU.Build.0 = Debug|Any CPU
		{72671F6F-7724-49B6-9599-8C904D6B317F}.Release|Any CPU.ActiveCfg = Release|Any CPU
		{72671F6F-7724-49B6-9599-8C904D6B317F}.Release|Any CPU.Build.0 = Release|Any CPU
		{E8B07E62-9ED8-48D7-8E30-8354775A4496}.Debug|Any CPU.ActiveCfg = Debug|Any CPU
		{E8B07E62-9ED8-48D7-8E30-8354775A4496}.Debug|Any CPU.Build.0 = Debug|Any CPU
		{E8B07E62-9ED8-48D7-8E30-8354775A4496}.Release|Any CPU.ActiveCfg = Release|Any CPU
		{E8B07E62-9ED8-48D7-8E30-8354775A4496}.Release|Any CPU.Build.0 = Release|Any CPU
		{523F01D5-C3ED-4219-AF97-34806D128AB8}.Debug|Any CPU.ActiveCfg = Debug|Any CPU
		{523F01D5-C3ED-4219-AF97-34806D128AB8}.Debug|Any CPU.Build.0 = Debug|Any CPU
		{523F01D5-C3ED-4219-AF97-34806D128AB8}.Release|Any CPU.ActiveCfg = Release|Any CPU
		{523F01D5-C3ED-4219-AF97-34806D128AB8}.Release|Any CPU.Build.0 = Release|Any CPU
		{ADE403F1-6A88-41BF-A867-AA2F8F7F52EF}.Debug|Any CPU.ActiveCfg = Debug|Any CPU
		{ADE403F1-6A88-41BF-A867-AA2F8F7F52EF}.Debug|Any CPU.Build.0 = Debug|Any CPU
		{ADE403F1-6A88-41BF-A867-AA2F8F7F52EF}.Release|Any CPU.ActiveCfg = Release|Any CPU
		{ADE403F1-6A88-41BF-A867-AA2F8F7F52EF}.Release|Any CPU.Build.0 = Release|Any CPU
		{59F9B410-3B2E-409A-ABE7-11C360CFB6E3}.Debug|Any CPU.ActiveCfg = Debug|Any CPU
		{59F9B410-3B2E-409A-ABE7-11C360CFB6E3}.Debug|Any CPU.Build.0 = Debug|Any CPU
		{59F9B410-3B2E-409A-ABE7-11C360CFB6E3}.Release|Any CPU.ActiveCfg = Release|Any CPU
		{59F9B410-3B2E-409A-ABE7-11C360CFB6E3}.Release|Any CPU.Build.0 = Release|Any CPU
		{A298A565-C35A-4F16-B750-1F47C3ECE87F}.Debug|Any CPU.ActiveCfg = Debug|Any CPU
		{A298A565-C35A-4F16-B750-1F47C3ECE87F}.Debug|Any CPU.Build.0 = Debug|Any CPU
		{A298A565-C35A-4F16-B750-1F47C3ECE87F}.Release|Any CPU.ActiveCfg = Release|Any CPU
		{A298A565-C35A-4F16-B750-1F47C3ECE87F}.Release|Any CPU.Build.0 = Release|Any CPU
		{7CCC7EA8-0F38-4341-A36C-099C2EC2AB87}.Debug|Any CPU.ActiveCfg = Debug|Any CPU
		{7CCC7EA8-0F38-4341-A36C-099C2EC2AB87}.Debug|Any CPU.Build.0 = Debug|Any CPU
		{7CCC7EA8-0F38-4341-A36C-099C2EC2AB87}.Release|Any CPU.ActiveCfg = Release|Any CPU
		{7CCC7EA8-0F38-4341-A36C-099C2EC2AB87}.Release|Any CPU.Build.0 = Release|Any CPU
		{D1E8DD9E-A065-4460-87F7-08A99CABA3A8}.Debug|Any CPU.ActiveCfg = Debug|Any CPU
		{D1E8DD9E-A065-4460-87F7-08A99CABA3A8}.Debug|Any CPU.Build.0 = Debug|Any CPU
		{D1E8DD9E-A065-4460-87F7-08A99CABA3A8}.Release|Any CPU.ActiveCfg = Release|Any CPU
		{D1E8DD9E-A065-4460-87F7-08A99CABA3A8}.Release|Any CPU.Build.0 = Release|Any CPU
		{190D014F-D08C-48A9-B963-110603A5A1D8}.Debug|Any CPU.ActiveCfg = Debug|Any CPU
		{190D014F-D08C-48A9-B963-110603A5A1D8}.Debug|Any CPU.Build.0 = Debug|Any CPU
		{190D014F-D08C-48A9-B963-110603A5A1D8}.Release|Any CPU.ActiveCfg = Release|Any CPU
		{190D014F-D08C-48A9-B963-110603A5A1D8}.Release|Any CPU.Build.0 = Release|Any CPU
		{0F8F37F1-AE13-49EC-9E92-751F71E8105F}.Debug|Any CPU.ActiveCfg = Debug|Any CPU
		{0F8F37F1-AE13-49EC-9E92-751F71E8105F}.Debug|Any CPU.Build.0 = Debug|Any CPU
		{0F8F37F1-AE13-49EC-9E92-751F71E8105F}.Release|Any CPU.ActiveCfg = Release|Any CPU
		{0F8F37F1-AE13-49EC-9E92-751F71E8105F}.Release|Any CPU.Build.0 = Release|Any CPU
		{CDE8A01D-F80A-4F5D-8CA6-52C53B98A674}.Debug|Any CPU.ActiveCfg = Debug|Any CPU
		{CDE8A01D-F80A-4F5D-8CA6-52C53B98A674}.Debug|Any CPU.Build.0 = Debug|Any CPU
		{CDE8A01D-F80A-4F5D-8CA6-52C53B98A674}.Release|Any CPU.ActiveCfg = Release|Any CPU
		{CDE8A01D-F80A-4F5D-8CA6-52C53B98A674}.Release|Any CPU.Build.0 = Release|Any CPU
		{DA404B05-E3DE-44FA-A933-A38D70571F64}.Debug|Any CPU.ActiveCfg = Debug|Any CPU
		{DA404B05-E3DE-44FA-A933-A38D70571F64}.Debug|Any CPU.Build.0 = Debug|Any CPU
		{DA404B05-E3DE-44FA-A933-A38D70571F64}.Release|Any CPU.ActiveCfg = Release|Any CPU
		{DA404B05-E3DE-44FA-A933-A38D70571F64}.Release|Any CPU.Build.0 = Release|Any CPU
		{DE69CB90-2180-4E14-AE9F-71786A0DBB92}.Debug|Any CPU.ActiveCfg = Debug|Any CPU
		{DE69CB90-2180-4E14-AE9F-71786A0DBB92}.Debug|Any CPU.Build.0 = Debug|Any CPU
		{DE69CB90-2180-4E14-AE9F-71786A0DBB92}.Release|Any CPU.ActiveCfg = Release|Any CPU
		{DE69CB90-2180-4E14-AE9F-71786A0DBB92}.Release|Any CPU.Build.0 = Release|Any CPU
	EndGlobalSection
	GlobalSection(NestedProjects) = preSolution
		{0444D3B7-66D5-4DD6-A05E-B822F0B0D0BC} = {FC6C9D32-EC14-4E35-A34D-13320F6ABFCC}
		{72671F6F-7724-49B6-9599-8C904D6B317F} = {FC6C9D32-EC14-4E35-A34D-13320F6ABFCC}
		{E8B07E62-9ED8-48D7-8E30-8354775A4496} = {FC6C9D32-EC14-4E35-A34D-13320F6ABFCC}
		{316923B6-5F38-4081-96DF-BC052FB2D05F} = {FC6C9D32-EC14-4E35-A34D-13320F6ABFCC}
		{523F01D5-C3ED-4219-AF97-34806D128AB8} = {316923B6-5F38-4081-96DF-BC052FB2D05F}
		{ADE403F1-6A88-41BF-A867-AA2F8F7F52EF} = {316923B6-5F38-4081-96DF-BC052FB2D05F}
		{59F9B410-3B2E-409A-ABE7-11C360CFB6E3} = {316923B6-5F38-4081-96DF-BC052FB2D05F}
		{A298A565-C35A-4F16-B750-1F47C3ECE87F} = {316923B6-5F38-4081-96DF-BC052FB2D05F}
		{7CCC7EA8-0F38-4341-A36C-099C2EC2AB87} = {316923B6-5F38-4081-96DF-BC052FB2D05F}
		{D1E8DD9E-A065-4460-87F7-08A99CABA3A8} = {61D0B4EB-C312-4273-B921-FBA4A0CFD5B1}
		{190D014F-D08C-48A9-B963-110603A5A1D8} = {61D0B4EB-C312-4273-B921-FBA4A0CFD5B1}
		{0F8F37F1-AE13-49EC-9E92-751F71E8105F} = {61D0B4EB-C312-4273-B921-FBA4A0CFD5B1}
		{CDE8A01D-F80A-4F5D-8CA6-52C53B98A674} = {316923B6-5F38-4081-96DF-BC052FB2D05F}
		{DA404B05-E3DE-44FA-A933-A38D70571F64} = {316923B6-5F38-4081-96DF-BC052FB2D05F}
		{DE69CB90-2180-4E14-AE9F-71786A0DBB92} = {61D0B4EB-C312-4273-B921-FBA4A0CFD5B1}
	EndGlobalSection
EndGlobal
